{
  "name": "@dictu/apex-integration",
  "version": "1.0.0",
  "lockfileVersion": 3,
  "requires": true,
  "packages": {
    "": {
      "name": "@dictu/apex-integration",
      "version": "1.0.0",
      "license": "EUPL-1.2",
      "devDependencies": {
        "@dictu/design-tokens": "*"
      }
    },
    "node_modules/@dictu/design-tokens": {
      "version": "2.10.0",
      "resolved": "https://registry.npmjs.org/@dictu/design-tokens/-/design-tokens-2.10.0.tgz",
      "integrity": "sha512-cVIqUJE9pFo1eK6imkesQY3VIO2YOVVP9ggEf1ipBGCg495oqmeNyOEzOnrJAr8hmz/EzwN3wr/sewYY3lXofw==",
      "dev": true,
      "license": "SEE LICENSE IN LICENSE.md"
    }
  }
}
