{
  "name": "@dictu/heading",
  "version": "1.0.0-alpha.0",
  "lockfileVersion": 3,
  "requires": true,
  "packages": {
    "": {
      "name": "@dictu/heading",
      "version": "1.0.0-alpha.0",
      "license": "EUPL-1.2",
      "dependencies": {
        "@nl-design-system-candidate/heading-css": "^1.1.0"
      }
    },
    "node_modules/@nl-design-system-candidate/heading-css": {
      "version": "1.1.0",
      "resolved": "https://registry.npmjs.org/@nl-design-system-candidate/heading-css/-/heading-css-1.1.0.tgz",
      "integrity": "sha512-qld3Uja10vurQPjRqYrSoisQGdGMfG2uiKB3JxNtIxauGZjiCex0Hbo2KqROan96egZEVlCmc6dZHU0T4I5H8w=="
    }
  }
}
